{
  "name": "ng-paystack",
  "version": "1.0.0",
  "lockfileVersion": 1,
  "requires": true,
  "dependencies": {
    "angular": {
      "version": "1.5.8",
      "resolved": "https://registry.npmjs.org/angular/-/angular-1.5.8.tgz",
      "integrity": "sha1-klpTkrjCEtCVctxEbbfgEmTglMs="
    },
    "angular-animate": {
      "version": "1.5.8",
      "resolved": "https://registry.npmjs.org/angular-animate/-/angular-animate-1.5.8.tgz",
      "integrity": "sha1-U19zaSJaun+xW/cTTHGxW8Y1xYY="
    },
    "angular-aria": {
      "version": "1.5.8",
      "resolved": "https://registry.npmjs.org/angular-aria/-/angular-aria-1.5.8.tgz",
      "integrity": "sha1-VY+gfcgsb6V7FDjmYLvc/LgFovU="
    },
    "angular-material": {
      "version": "0.11.4",
      "resolved": "https://registry.npmjs.org/angular-material/-/angular-material-0.11.4.tgz",
      "integrity": "sha1-Z+p3KxMKzoyAsCuB10uANRuRl20="
    },
    "angular-messages": {
      "version": "1.7.0",
      "resolved": "https://registry.npmjs.org/angular-messages/-/angular-messages-1.7.0.tgz",
      "integrity": "sha512-77NqLV2EQgSirRcb5bUSSbyc1GJexBl5PrbpBlXp6EalAL7N27wgEOcSP59ViIusyjY0kezT7RmO2YGzzA56YQ=="
    },
    "mdi": {
      "version": "2.2.43",
      "resolved": "https://registry.npmjs.org/mdi/-/mdi-2.2.43.tgz",
      "integrity": "sha512-g3m6z4303qieltUM20JL2gdsJZvoVzIzO74qa2XxZ2kg9JPwrPEAgooVhRDHZi1vvRh0gB8Dg+c9XqNdz4jcIg=="
    }
  }
}
